// !$*UTF8*$!
{
	archiveVersion = 1;
	classes = {
	};
	objectVersion = 50;
	objects = {

/* Begin PBXBuildFile section */
		2398D1D622870B1500C30B0A /* K07.swift in Sources */ = {isa = PBXBuildFile; fileRef = 2398D1D522870B1500C30B0A /* K07.swift */; };
		2398D1D82287147200C30B0A /* K08_1sub.swift in Sources */ = {isa = PBXBuildFile; fileRef = 2398D1D72287147200C30B0A /* K08_1sub.swift */; };
		2398D1DA228714C800C30B0A /* K08_2sub.swift in Sources */ = {isa = PBXBuildFile; fileRef = 2398D1D9228714C800C30B0A /* K08_2sub.swift */; };
		2398D1DC2287191F00C30B0A /* K08.swift in Sources */ = {isa = PBXBuildFile; fileRef = 2398D1DB2287191F00C30B0A /* K08.swift */; };
		2398D1DE22871FF100C30B0A /* FileControl.swift in Sources */ = {isa = PBXBuildFile; fileRef = 2398D1DD22871FF100C30B0A /* FileControl.swift */; };
		23EFF4BB227DF73800474205 /* main.swift in Sources */ = {isa = PBXBuildFile; fileRef = 23EFF4BA227DF73800474205 /* main.swift */; };
		23EFF4C2227DF74F00474205 /* IDispatchable.swift in Sources */ = {isa = PBXBuildFile; fileRef = 23EFF4C1227DF74F00474205 /* IDispatchable.swift */; };
		23EFF4C4227DF7D600474205 /* IExecutable.swift in Sources */ = {isa = PBXBuildFile; fileRef = 23EFF4C3227DF7D600474205 /* IExecutable.swift */; };
		23EFF4C6227DF8A800474205 /* K01.swift in Sources */ = {isa = PBXBuildFile; fileRef = 23EFF4C5227DF8A800474205 /* K01.swift */; };
		23EFF4C8227E01B500474205 /* K02.swift in Sources */ = {isa = PBXBuildFile; fileRef = 23EFF4C7227E01B500474205 /* K02.swift */; };
		23EFF4CA227E045700474205 /* Golem.swift in Sources */ = {isa = PBXBuildFile; fileRef = 23EFF4C9227E045700474205 /* Golem.swift */; };
		23EFF4CC227E06F400474205 /* K03.swift in Sources */ = {isa = PBXBuildFile; fileRef = 23EFF4CB227E06F400474205 /* K03.swift */; };
		23EFF4CE227E0A3D00474205 /* K04.swift in Sources */ = {isa = PBXBuildFile; fileRef = 23EFF4CD227E0A3D00474205 /* K04.swift */; };
		23EFF4D0227E0D0700474205 /* K05.swift in Sources */ = {isa = PBXBuildFile; fileRef = 23EFF4CF227E0D0700474205 /* K05.swift */; };
		23EFF4D2227E111700474205 /* K06.swift in Sources */ = {isa = PBXBuildFile; fileRef = 23EFF4D1227E111700474205 /* K06.swift */; };
/* End PBXBuildFile section */

/* Begin PBXCopyFilesBuildPhase section */
		23EFF4B5227DF73800474205 /* CopyFiles */ = {
			isa = PBXCopyFilesBuildPhase;
			buildActionMask = 2147483647;
			dstPath = /usr/share/man/man1/;
			dstSubfolderSpec = 0;
			files = (
			);
			runOnlyForDeploymentPostprocessing = 1;
		};
/* End PBXCopyFilesBuildPhase section */

/* Begin PBXFileReference section */
		2398D1D522870B1500C30B0A /* K07.swift */ = {isa = PBXFileReference; lastKnownFileType = sourcecode.swift; path = K07.swift; sourceTree = "<group>"; };
		2398D1D72287147200C30B0A /* K08_1sub.swift */ = {isa = PBXFileReference; lastKnownFileType = sourcecode.swift; path = K08_1sub.swift; sourceTree = "<group>"; };
		2398D1D9228714C800C30B0A /* K08_2sub.swift */ = {isa = PBXFileReference; lastKnownFileType = sourcecode.swift; path = K08_2sub.swift; sourceTree = "<group>"; };
		2398D1DB2287191F00C30B0A /* K08.swift */ = {isa = PBXFileReference; lastKnownFileType = sourcecode.swift; path = K08.swift; sourceTree = "<group>"; };
		2398D1DD22871FF100C30B0A /* FileControl.swift */ = {isa = PBXFileReference; lastKnownFileType = sourcecode.swift; path = FileControl.swift; sourceTree = "<group>"; };
		23EFF4B7227DF73800474205 /* SwiftProject */ = {isa = PBXFileReference; explicitFileType = "compiled.mach-o.executable"; includeInIndex = 0; path = SwiftProject; sourceTree = BUILT_PRODUCTS_DIR; };
		23EFF4BA227DF73800474205 /* main.swift */ = {isa = PBXFileReference; lastKnownFileType = sourcecode.swift; path = main.swift; sourceTree = "<group>"; };
		23EFF4C1227DF74F00474205 /* IDispatchable.swift */ = {isa = PBXFileReference; lastKnownFileType = sourcecode.swift; path = IDispatchable.swift; sourceTree = "<group>"; };
		23EFF4C3227DF7D600474205 /* IExecutable.swift */ = {isa = PBXFileReference; lastKnownFileType = sourcecode.swift; path = IExecutable.swift; sourceTree = "<group>"; };
		23EFF4C5227DF8A800474205 /* K01.swift */ = {isa = PBXFileReference; lastKnownFileType = sourcecode.swift; path = K01.swift; sourceTree = "<group>"; };
		23EFF4C7227E01B500474205 /* K02.swift */ = {isa = PBXFileReference; lastKnownFileType = sourcecode.swift; path = K02.swift; sourceTree = "<group>"; };
		23EFF4C9227E045700474205 /* Golem.swift */ = {isa = PBXFileReference; lastKnownFileType = sourcecode.swift; path = Golem.swift; sourceTree = "<group>"; };
		23EFF4CB227E06F400474205 /* K03.swift */ = {isa = PBXFileReference; lastKnownFileType = sourcecode.swift; path = K03.swift; sourceTree = "<group>"; };
		23EFF4CD227E0A3D00474205 /* K04.swift */ = {isa = PBXFileReference; lastKnownFileType = sourcecode.swift; path = K04.swift; sourceTree = "<group>"; };
		23EFF4CF227E0D0700474205 /* K05.swift */ = {isa = PBXFileReference; lastKnownFileType = sourcecode.swift; path = K05.swift; sourceTree = "<group>"; };
		23EFF4D1227E111700474205 /* K06.swift */ = {isa = PBXFileReference; lastKnownFileType = sourcecode.swift; path = K06.swift; sourceTree = "<group>"; };
/* End PBXFileReference section */

/* Begin PBXFrameworksBuildPhase section */
		23EFF4B4227DF73800474205 /* Frameworks */ = {
			isa = PBXFrameworksBuildPhase;
			buildActionMask = 2147483647;
			files = (
			);
			runOnlyForDeploymentPostprocessing = 0;
		};
/* End PBXFrameworksBuildPhase section */

/* Begin PBXGroup section */
		23EFF4AE227DF73800474205 = {
			isa = PBXGroup;
			children = (
				23EFF4B9227DF73800474205 /* SwiftProject */,
				23EFF4B8227DF73800474205 /* Products */,
			);
			sourceTree = "<group>";
		};
		23EFF4B8227DF73800474205 /* Products */ = {
			isa = PBXGroup;
			children = (
				23EFF4B7227DF73800474205 /* SwiftProject */,
			);
			name = Products;
			sourceTree = "<group>";
		};
		23EFF4B9227DF73800474205 /* SwiftProject */ = {
			isa = PBXGroup;
			children = (
				23EFF4BA227DF73800474205 /* main.swift */,
				23EFF4C1227DF74F00474205 /* IDispatchable.swift */,
				23EFF4C3227DF7D600474205 /* IExecutable.swift */,
				23EFF4C5227DF8A800474205 /* K01.swift */,
				23EFF4C7227E01B500474205 /* K02.swift */,
				23EFF4C9227E045700474205 /* Golem.swift */,
				23EFF4CB227E06F400474205 /* K03.swift */,
				23EFF4CD227E0A3D00474205 /* K04.swift */,
				23EFF4CF227E0D0700474205 /* K05.swift */,
				23EFF4D1227E111700474205 /* K06.swift */,
				2398D1D522870B1500C30B0A /* K07.swift */,
				2398D1D72287147200C30B0A /* K08_1sub.swift */,
				2398D1D9228714C800C30B0A /* K08_2sub.swift */,
				2398D1DB2287191F00C30B0A /* K08.swift */,
				2398D1DD22871FF100C30B0A /* FileControl.swift */,
			);
			path = SwiftProject;
			sourceTree = "<group>";
		};
/* End PBXGroup section */

/* Begin PBXNativeTarget section */
		23EFF4B6227DF73800474205 /* SwiftProject */ = {
			isa = PBXNativeTarget;
			buildConfigurationList = 23EFF4BE227DF73800474205 /* Build configuration list for PBXNativeTarget "SwiftProject" */;
			buildPhases = (
				23EFF4B3227DF73800474205 /* Sources */,
				23EFF4B4227DF73800474205 /* Frameworks */,
				23EFF4B5227DF73800474205 /* CopyFiles */,
			);
			buildRules = (
			);
			dependencies = (
			);
			name = SwiftProject;
			productName = SwiftProject;
			productReference = 23EFF4B7227DF73800474205 /* SwiftProject */;
			productType = "com.apple.product-type.tool";
		};
/* End PBXNativeTarget section */

/* Begin PBXProject section */
		23EFF4AF227DF73800474205 /* Project object */ = {
			isa = PBXProject;
			attributes = {
				LastSwiftUpdateCheck = 1020;
				LastUpgradeCheck = 1020;
				ORGANIZATIONNAME = "周哲輝";
				TargetAttributes = {
					23EFF4B6227DF73800474205 = {
						CreatedOnToolsVersion = 10.2.1;
					};
				};
			};
			buildConfigurationList = 23EFF4B2227DF73800474205 /* Build configuration list for PBXProject "SwiftProject" */;
			compatibilityVersion = "Xcode 9.3";
			developmentRegion = en;
			hasScannedForEncodings = 0;
			knownRegions = (
				en,
			);
			mainGroup = 23EFF4AE227DF73800474205;
			productRefGroup = 23EFF4B8227DF73800474205 /* Products */;
			projectDirPath = "";
			projectRoot = "";
			targets = (
				23EFF4B6227DF73800474205 /* SwiftProject */,
			);
		};
/* End PBXProject section */

/* Begin PBXSourcesBuildPhase section */
		23EFF4B3227DF73800474205 /* Sources */ = {
			isa = PBXSourcesBuildPhase;
			buildActionMask = 2147483647;
			files = (
				23EFF4CA227E045700474205 /* Golem.swift in Sources */,
				23EFF4C6227DF8A800474205 /* K01.swift in Sources */,
				23EFF4CC227E06F400474205 /* K03.swift in Sources */,
				23EFF4D2227E111700474205 /* K06.swift in Sources */,
				23EFF4CE227E0A3D00474205 /* K04.swift in Sources */,
				23EFF4BB227DF73800474205 /* main.swift in Sources */,
				23EFF4C4227DF7D600474205 /* IExecutable.swift in Sources */,
				2398D1DA228714C800C30B0A /* K08_2sub.swift in Sources */,
				2398D1D622870B1500C30B0A /* K07.swift in Sources */,
				23EFF4C8227E01B500474205 /* K02.swift in Sources */,
				23EFF4D0227E0D0700474205 /* K05.swift in Sources */,
				2398D1D82287147200C30B0A /* K08_1sub.swift in Sources */,
				23EFF4C2227DF74F00474205 /* IDispatchable.swift in Sources */,
				2398D1DE22871FF100C30B0A /* FileControl.swift in Sources */,
				2398D1DC2287191F00C30B0A /* K08.swift in Sources */,
			);
			runOnlyForDeploymentPostprocessing = 0;
		};
/* End PBXSourcesBuildPhase section */

/* Begin XCBuildConfiguration section */
		23EFF4BC227DF73800474205 /* Debug */ = {
			isa = XCBuildConfiguration;
			buildSettings = {
				ALWAYS_SEARCH_USER_PATHS = NO;
				CLANG_ANALYZER_NONNULL = YES;
				CLANG_ANALYZER_NUMBER_OBJECT_CONVERSION = YES_AGGRESSIVE;
				CLANG_CXX_LANGUAGE_STANDARD = "gnu++14";
				CLANG_CXX_LIBRARY = "libc++";
				CLANG_ENABLE_MODULES = YES;
				CLANG_ENABLE_OBJC_ARC = YES;
				CLANG_ENABLE_OBJC_WEAK = YES;
				CLANG_WARN_BLOCK_CAPTURE_AUTORELEASING = YES;
				CLANG_WARN_BOOL_CONVERSION = YES;
				CLANG_WARN_COMMA = YES;
				CLANG_WARN_CONSTANT_CONVERSION = YES;
				CLANG_WARN_DEPRECATED_OBJC_IMPLEMENTATIONS = YES;
				CLANG_WARN_DIRECT_OBJC_ISA_USAGE = YES_ERROR;
				CLANG_WARN_DOCUMENTATION_COMMENTS = YES;
				CLANG_WARN_EMPTY_BODY = YES;
				CLANG_WARN_ENUM_CONVERSION = YES;
				CLANG_WARN_INFINITE_RECURSION = YES;
				CLANG_WARN_INT_CONVERSION = YES;
				CLANG_WARN_NON_LITERAL_NULL_CONVERSION = YES;
				CLANG_WARN_OBJC_IMPLICIT_RETAIN_SELF = YES;
				CLANG_WARN_OBJC_LITERAL_CONVERSION = YES;
				CLANG_WARN_OBJC_ROOT_CLASS = YES_ERROR;
				CLANG_WARN_RANGE_LOOP_ANALYSIS = YES;
				CLANG_WARN_STRICT_PROTOTYPES = YES;
				CLANG_WARN_SUSPICIOUS_MOVE = YES;
				CLANG_WARN_UNGUARDED_AVAILABILITY = YES_AGGRESSIVE;
				CLANG_WARN_UNREACHABLE_CODE = YES;
				CLANG_WARN__DUPLICATE_METHOD_MATCH = YES;
				CODE_SIGN_IDENTITY = "-";
				COPY_PHASE_STRIP = NO;
				DEBUG_INFORMATION_FORMAT = dwarf;
				ENABLE_STRICT_OBJC_MSGSEND = YES;
				ENABLE_TESTABILITY = YES;
				GCC_C_LANGUAGE_STANDARD = gnu11;
				GCC_DYNAMIC_NO_PIC = NO;
				GCC_NO_COMMON_BLOCKS = YES;
				GCC_OPTIMIZATION_LEVEL = 0;
				GCC_PREPROCESSOR_DEFINITIONS = (
					"DEBUG=1",
					"$(inherited)",
				);
				GCC_WARN_64_TO_32_BIT_CONVERSION = YES;
				GCC_WARN_ABOUT_RETURN_TYPE = YES_ERROR;
				GCC_WARN_UNDECLARED_SELECTOR = YES;
				GCC_WARN_UNINITIALIZED_AUTOS = YES_AGGRESSIVE;
				GCC_WARN_UNUSED_FUNCTION = YES;
				GCC_WARN_UNUSED_VARIABLE = YES;
				MACOSX_DEPLOYMENT_TARGET = 10.14;
				MTL_ENABLE_DEBUG_INFO = INCLUDE_SOURCE;
				MTL_FAST_MATH = YES;
				ONLY_ACTIVE_ARCH = YES;
				SDKROOT = macosx;
				SWIFT_ACTIVE_COMPILATION_CONDITIONS = DEBUG;
				SWIFT_OPTIMIZATION_LEVEL = "-Onone";
			};
			name = Debug;
		};
		23EFF4BD227DF73800474205 /* Release */ = {
			isa = XCBuildConfiguration;
			buildSettings = {
				ALWAYS_SEARCH_USER_PATHS = NO;
				CLANG_ANALYZER_NONNULL = YES;
				CLANG_ANALYZER_NUMBER_OBJECT_CONVERSION = YES_AGGRESSIVE;
				CLANG_CXX_LANGUAGE_STANDARD = "gnu++14";
				CLANG_CXX_LIBRARY = "libc++";
				CLANG_ENABLE_MODULES = YES;
				CLANG_ENABLE_OBJC_ARC = YES;
				CLANG_ENABLE_OBJC_WEAK = YES;
				CLANG_WARN_BLOCK_CAPTURE_AUTORELEASING = YES;
				CLANG_WARN_BOOL_CONVERSION = YES;
				CLANG_WARN_COMMA = YES;
				CLANG_WARN_CONSTANT_CONVERSION = YES;
				CLANG_WARN_DEPRECATED_OBJC_IMPLEMENTATIONS = YES;
				CLANG_WARN_DIRECT_OBJC_ISA_USAGE = YES_ERROR;
				CLANG_WARN_DOCUMENTATION_COMMENTS = YES;
				CLANG_WARN_EMPTY_BODY = YES;
				CLANG_WARN_ENUM_CONVERSION = YES;
				CLANG_WARN_INFINITE_RECURSION = YES;
				CLANG_WARN_INT_CONVERSION = YES;
				CLANG_WARN_NON_LITERAL_NULL_CONVERSION = YES;
				CLANG_WARN_OBJC_IMPLICIT_RETAIN_SELF = YES;
				CLANG_WARN_OBJC_LITERAL_CONVERSION = YES;
				CLANG_WARN_OBJC_ROOT_CLASS = YES_ERROR;
				CLANG_WARN_RANGE_LOOP_ANALYSIS = YES;
				CLANG_WARN_STRICT_PROTOTYPES = YES;
				CLANG_WARN_SUSPICIOUS_MOVE = YES;
				CLANG_WARN_UNGUARDED_AVAILABILITY = YES_AGGRESSIVE;
				CLANG_WARN_UNREACHABLE_CODE = YES;
				CLANG_WARN__DUPLICATE_METHOD_MATCH = YES;
				CODE_SIGN_IDENTITY = "-";
				COPY_PHASE_STRIP = NO;
				DEBUG_INFORMATION_FORMAT = "dwarf-with-dsym";
				ENABLE_NS_ASSERTIONS = NO;
				ENABLE_STRICT_OBJC_MSGSEND = YES;
				GCC_C_LANGUAGE_STANDARD = gnu11;
				GCC_NO_COMMON_BLOCKS = YES;
				GCC_WARN_64_TO_32_BIT_CONVERSION = YES;
				GCC_WARN_ABOUT_RETURN_TYPE = YES_ERROR;
				GCC_WARN_UNDECLARED_SELECTOR = YES;
				GCC_WARN_UNINITIALIZED_AUTOS = YES_AGGRESSIVE;
				GCC_WARN_UNUSED_FUNCTION = YES;
				GCC_WARN_UNUSED_VARIABLE = YES;
				MACOSX_DEPLOYMENT_TARGET = 10.14;
				MTL_ENABLE_DEBUG_INFO = NO;
				MTL_FAST_MATH = YES;
				SDKROOT = macosx;
				SWIFT_COMPILATION_MODE = wholemodule;
				SWIFT_OPTIMIZATION_LEVEL = "-O";
			};
			name = Release;
		};
		23EFF4BF227DF73800474205 /* Debug */ = {
			isa = XCBuildConfiguration;
			buildSettings = {
				CODE_SIGN_STYLE = Automatic;
				PRODUCT_NAME = "$(TARGET_NAME)";
				SWIFT_VERSION = 5.0;
			};
			name = Debug;
		};
		23EFF4C0227DF73800474205 /* Release */ = {
			isa = XCBuildConfiguration;
			buildSettings = {
				CODE_SIGN_STYLE = Automatic;
				PRODUCT_NAME = "$(TARGET_NAME)";
				SWIFT_VERSION = 5.0;
			};
			name = Release;
		};
/* End XCBuildConfiguration section */

/* Begin XCConfigurationList section */
		23EFF4B2227DF73800474205 /* Build configuration list for PBXProject "SwiftProject" */ = {
			isa = XCConfigurationList;
			buildConfigurations = (
				23EFF4BC227DF73800474205 /* Debug */,
				23EFF4BD227DF73800474205 /* Release */,
			);
			defaultConfigurationIsVisible = 0;
			defaultConfigurationName = Release;
		};
		23EFF4BE227DF73800474205 /* Build configuration list for PBXNativeTarget "SwiftProject" */ = {
			isa = XCConfigurationList;
			buildConfigurations = (
				23EFF4BF227DF73800474205 /* Debug */,
				23EFF4C0227DF73800474205 /* Release */,
			);
			defaultConfigurationIsVisible = 0;
			defaultConfigurationName = Release;
		};
/* End XCConfigurationList section */
	};
	rootObject = 23EFF4AF227DF73800474205 /* Project object */;
}
